// !$*UTF8*$!
{
	archiveVersion = 1;
	classes = {
	};
	objectVersion = 42;
	objects = {

/* Begin PBXBuildFile section */
		BAA109C10FA0CC8000BB992B /* libpng.framework in Frameworks */ = {isa = PBXBuildFile; fileRef = BAA109C00FA0CC8000BB992B /* libpng.framework */; };
		BAA109CC0FA0CD0300BB992B /* libpng.framework in CopyFiles */ = {isa = PBXBuildFile; fileRef = BAA109C00FA0CC8000BB992B /* libpng.framework */; };
		BAF3B84D0F91ABDF00146F74 /* MainClass.h in Headers */ = {isa = PBXBuildFile; fileRef = F54576310381E28D019FB90B /* MainClass.h */; };
		BAF3B84E0F91ABDF00146F74 /* openfile.h in Headers */ = {isa = PBXBuildFile; fileRef = F54576320381E28D019FB90B /* openfile.h */; };
		BAF3B84F0F91ABDF00146F74 /* unzip.h in Headers */ = {isa = PBXBuildFile; fileRef = F54576800381E32C019FB90B /* unzip.h */; };
		BAF3B8500F91ABDF00146F74 /* Cheats.h in Headers */ = {isa = PBXBuildFile; fileRef = F54576810381E32C019FB90B /* Cheats.h */; };
		BAF3B8510F91ABDF00146F74 /* Flash.h in Headers */ = {isa = PBXBuildFile; fileRef = F54576820381E32C019FB90B /* Flash.h */; };
		BAF3B8520F91ABDF00146F74 /* Sram.h in Headers */ = {isa = PBXBuildFile; fileRef = F54576830381E32C019FB90B /* Sram.h */; };
		BAF3B8530F91ABDF00146F74 /* System.h in Headers */ = {isa = PBXBuildFile; fileRef = F54576840381E32C019FB90B /* System.h */; };
		BAF3B8540F91ABDF00146F74 /* bios.h in Headers */ = {isa = PBXBuildFile; fileRef = F54576850381E32C019FB90B /* bios.h */; };
		BAF3B8550F91ABDF00146F74 /* Port.h in Headers */ = {isa = PBXBuildFile; fileRef = F54576860381E32C019FB90B /* Port.h */; };
		BAF3B8560F91ABDF00146F74 /* EEprom.h in Headers */ = {isa = PBXBuildFile; fileRef = F54576870381E32C019FB90B /* EEprom.h */; };
		BAF3B8570F91ABDF00146F74 /* Gfx.h in Headers */ = {isa = PBXBuildFile; fileRef = F545768A0381E32C019FB90B /* Gfx.h */; };
		BAF3B8580F91ABDF00146F74 /* Util.h in Headers */ = {isa = PBXBuildFile; fileRef = F545768B0381E32C019FB90B /* Util.h */; };
		BAF3B8590F91ABDF00146F74 /* GBA.h in Headers */ = {isa = PBXBuildFile; fileRef = F545768D0381E32C019FB90B /* GBA.h */; };
		BAF3B85A0F91ABDF00146F74 /* Globals.h in Headers */ = {isa = PBXBuildFile; fileRef = F545768F0381E32C019FB90B /* Globals.h */; };
		BAF3B85B0F91ABDF00146F74 /* NLS.h in Headers */ = {isa = PBXBuildFile; fileRef = F54576900381E32C019FB90B /* NLS.h */; };
		BAF3B85C0F91ABDF00146F74 /* AutoBuild.h in Headers */ = {isa = PBXBuildFile; fileRef = F54576910381E32C019FB90B /* AutoBuild.h */; };
		BAF3B85D0F91ABDF00146F74 /* GBAinline.h in Headers */ = {isa = PBXBuildFile; fileRef = F54576940381E32C019FB90B /* GBAinline.h */; };
		BAF3B85E0F91ABDF00146F74 /* Sound.h in Headers */ = {isa = PBXBuildFile; fileRef = F54576950381E32C019FB90B /* Sound.h */; };
		BAF3B85F0F91ABDF00146F74 /* KeyConfig.h in Headers */ = {isa = PBXBuildFile; fileRef = A5A9964C04212DA100BFF2FE /* KeyConfig.h */; };
		BAF3B8600F91ABDF00146F74 /* arm-new.h in Headers */ = {isa = PBXBuildFile; fileRef = A5A221B90492372C00BFF2FE /* arm-new.h */; };
		BAF3B8610F91ABDF00146F74 /* thumb.h in Headers */ = {isa = PBXBuildFile; fileRef = A5A221BA0492372C00BFF2FE /* thumb.h */; };
		BAF3B8620F91ABDF00146F74 /* memgzio.h in Headers */ = {isa = PBXBuildFile; fileRef = A51C7E3904CF12E200A80002 /* memgzio.h */; };
		BAF3B8630F91ABDF00146F74 /* GB.h in Headers */ = {isa = PBXBuildFile; fileRef = A51C7E3C04CF15C200A80002 /* GB.h */; };
		BAF3B8640F91ABDF00146F74 /* gbCheats.h in Headers */ = {isa = PBXBuildFile; fileRef = A51C7E3D04CF15C200A80002 /* gbCheats.h */; };
		BAF3B8650F91ABDF00146F74 /* gbSGB.h in Headers */ = {isa = PBXBuildFile; fileRef = A51C7E3E04CF15C200A80002 /* gbSGB.h */; };
		BAF3B8660F91ABDF00146F74 /* gbSound.h in Headers */ = {isa = PBXBuildFile; fileRef = A51C7E3F04CF15C200A80002 /* gbSound.h */; };
		BAF3B8670F91ABDF00146F74 /* gbPrinter.h in Headers */ = {isa = PBXBuildFile; fileRef = A51C7E4004CF15C200A80002 /* gbPrinter.h */; };
		BAF3B8680F91ABDF00146F74 /* gbCodes.h in Headers */ = {isa = PBXBuildFile; fileRef = A51C7E4104CF15C200A80002 /* gbCodes.h */; };
		BAF3B8690F91ABDF00146F74 /* gbGlobals.h in Headers */ = {isa = PBXBuildFile; fileRef = A51C7E4204CF15C200A80002 /* gbGlobals.h */; };
		BAF3B86A0F91ABDF00146F74 /* gbMemory.h in Headers */ = {isa = PBXBuildFile; fileRef = A51C7E4304CF15C200A80002 /* gbMemory.h */; };
		BAF3B86B0F91ABDF00146F74 /* Text.h in Headers */ = {isa = PBXBuildFile; fileRef = A5726D4B056EBC2E005B4801 /* Text.h */; };
		BAF3B86C0F91ABDF00146F74 /* elf.h in Headers */ = {isa = PBXBuildFile; fileRef = BAF3B81A0F91AB9E00146F74 /* elf.h */; };
		BAF3B86F0F91ABDF00146F74 /* savestate.icns in Resources */ = {isa = PBXBuildFile; fileRef = F54576440381E2B6019FB90B /* savestate.icns */; };
		BAF3B8700F91ABDF00146F74 /* system.icns in Resources */ = {isa = PBXBuildFile; fileRef = F54576450381E2B6019FB90B /* system.icns */; };
		BAF3B8710F91ABDF00146F74 /* cart.icns in Resources */ = {isa = PBXBuildFile; fileRef = F54576460381E2B6019FB90B /* cart.icns */; };
		BAF3B8720F91ABDF00146F74 /* Main.nib in Resources */ = {isa = PBXBuildFile; fileRef = A59B207604966ADE00BFF2FE /* Main.nib */; };
		BAF3B8740F91ABDF00146F74 /* openfile.mm in Sources */ = {isa = PBXBuildFile; fileRef = F54576300381E28D019FB90B /* openfile.mm */; };
		BAF3B8750F91ABDF00146F74 /* Flash.cpp in Sources */ = {isa = PBXBuildFile; fileRef = F545764B0381E2F3019FB90B /* Flash.cpp */; };
		BAF3B8760F91ABDF00146F74 /* Mode5.cpp in Sources */ = {isa = PBXBuildFile; fileRef = F545764C0381E2F3019FB90B /* Mode5.cpp */; };
		BAF3B8770F91ABDF00146F74 /* Globals.cpp in Sources */ = {isa = PBXBuildFile; fileRef = F545764E0381E2F4019FB90B /* Globals.cpp */; };
		BAF3B8780F91ABDF00146F74 /* Mode3.cpp in Sources */ = {isa = PBXBuildFile; fileRef = F54576510381E2F4019FB90B /* Mode3.cpp */; };
		BAF3B8790F91ABDF00146F74 /* Sound.cpp in Sources */ = {isa = PBXBuildFile; fileRef = F54576520381E2F4019FB90B /* Sound.cpp */; };
		BAF3B87A0F91ABDF00146F74 /* admame.cpp in Sources */ = {isa = PBXBuildFile; fileRef = F54576540381E2F4019FB90B /* admame.cpp */; };
		BAF3B87B0F91ABDF00146F74 /* Mode1.cpp in Sources */ = {isa = PBXBuildFile; fileRef = F54576560381E2F4019FB90B /* Mode1.cpp */; };
		BAF3B87C0F91ABDF00146F74 /* Mode0.cpp in Sources */ = {isa = PBXBuildFile; fileRef = F54576570381E2F4019FB90B /* Mode0.cpp */; };
		BAF3B87D0F91ABDF00146F74 /* Mode2.cpp in Sources */ = {isa = PBXBuildFile; fileRef = F54576580381E2F4019FB90B /* Mode2.cpp */; };
		BAF3B87E0F91ABDF00146F74 /* Gfx.cpp in Sources */ = {isa = PBXBuildFile; fileRef = F54576590381E2F4019FB90B /* Gfx.cpp */; };
		BAF3B87F0F91ABDF00146F74 /* EEprom.cpp in Sources */ = {isa = PBXBuildFile; fileRef = F545765B0381E2F4019FB90B /* EEprom.cpp */; };
		BAF3B8800F91ABDF00146F74 /* unzip.cpp in Sources */ = {isa = PBXBuildFile; fileRef = F545765E0381E2F4019FB90B /* unzip.cpp */; };
		BAF3B8810F91ABDF00146F74 /* Sram.cpp in Sources */ = {isa = PBXBuildFile; fileRef = F545765F0381E2F4019FB90B /* Sram.cpp */; };
		BAF3B8820F91ABDF00146F74 /* GBA.cpp in Sources */ = {isa = PBXBuildFile; fileRef = F54576610381E2F4019FB90B /* GBA.cpp */; };
		BAF3B8830F91ABDF00146F74 /* Util.cpp in Sources */ = {isa = PBXBuildFile; fileRef = F54576620381E2F4019FB90B /* Util.cpp */; };
		BAF3B8840F91ABDF00146F74 /* bios.cpp in Sources */ = {isa = PBXBuildFile; fileRef = F54576630381E2F4019FB90B /* bios.cpp */; };
		BAF3B8850F91ABDF00146F74 /* Mode4.cpp in Sources */ = {isa = PBXBuildFile; fileRef = F54576640381E2F4019FB90B /* Mode4.cpp */; };
		BAF3B8860F91ABDF00146F74 /* gbGlobals.cpp in Sources */ = {isa = PBXBuildFile; fileRef = F54576AC0381E347019FB90B /* gbGlobals.cpp */; };
		BAF3B8870F91ABDF00146F74 /* gbMemory.cpp in Sources */ = {isa = PBXBuildFile; fileRef = F54576AD0381E347019FB90B /* gbMemory.cpp */; };
		BAF3B8880F91ABDF00146F74 /* gbGfx.cpp in Sources */ = {isa = PBXBuildFile; fileRef = F54576AE0381E347019FB90B /* gbGfx.cpp */; };
		BAF3B8890F91ABDF00146F74 /* gbCheats.cpp in Sources */ = {isa = PBXBuildFile; fileRef = F54576AF0381E347019FB90B /* gbCheats.cpp */; };
		BAF3B88A0F91ABDF00146F74 /* gbPrinter.cpp in Sources */ = {isa = PBXBuildFile; fileRef = F54576B00381E347019FB90B /* gbPrinter.cpp */; };
		BAF3B88B0F91ABDF00146F74 /* GB.cpp in Sources */ = {isa = PBXBuildFile; fileRef = F54576B10381E347019FB90B /* GB.cpp */; };
		BAF3B88C0F91ABDF00146F74 /* gbSGB.cpp in Sources */ = {isa = PBXBuildFile; fileRef = F54576B20381E347019FB90B /* gbSGB.cpp */; };
		BAF3B88D0F91ABDF00146F74 /* gbSound.cpp in Sources */ = {isa = PBXBuildFile; fileRef = F54576B30381E347019FB90B /* gbSound.cpp */; };
		BAF3B88E0F91ABDF00146F74 /* motionblur.cpp in Sources */ = {isa = PBXBuildFile; fileRef = F512304D03830368019FB90B /* motionblur.cpp */; };
		BAF3B88F0F91ABDF00146F74 /* simple2x.cpp in Sources */ = {isa = PBXBuildFile; fileRef = F512304F03830368019FB90B /* simple2x.cpp */; };
		BAF3B8900F91ABDF00146F74 /* pixel.cpp in Sources */ = {isa = PBXBuildFile; fileRef = F512305003830368019FB90B /* pixel.cpp */; };
		BAF3B8910F91ABDF00146F74 /* MainClass.mm in Sources */ = {isa = PBXBuildFile; fileRef = F5F08B47038DDA2D019E6289 /* MainClass.mm */; };
		BAF3B8920F91ABDF00146F74 /* 2xSaI.cpp in Sources */ = {isa = PBXBuildFile; fileRef = F53A4F7A03A3DD1D019E6289 /* 2xSaI.cpp */; };
		BAF3B8930F91ABDF00146F74 /* bilinear.cpp in Sources */ = {isa = PBXBuildFile; fileRef = A5936EEA03C63D9C009E6289 /* bilinear.cpp */; };
		BAF3B8940F91ABDF00146F74 /* KeyConfig.mm in Sources */ = {isa = PBXBuildFile; fileRef = A58BC95D0420353900BFF2FE /* KeyConfig.mm */; };
		BAF3B8950F91ABDF00146F74 /* RTC.cpp in Sources */ = {isa = PBXBuildFile; fileRef = A548597F0444CDCF00BFF2FE /* RTC.cpp */; };
		BAF3B8960F91ABDF00146F74 /* scanline.cpp in Sources */ = {isa = PBXBuildFile; fileRef = A5E1AEDE045054C700BFF2FE /* scanline.cpp */; };
		BAF3B8970F91ABDF00146F74 /* memgzio.c in Sources */ = {isa = PBXBuildFile; fileRef = A51C7E3604CF12C200A80002 /* memgzio.c */; };
		BAF3B8980F91ABDF00146F74 /* interframe.cpp in Sources */ = {isa = PBXBuildFile; fileRef = A51C7E5804CF1AE500A80002 /* interframe.cpp */; };
		BAF3B8990F91ABDF00146F74 /* SDL.mm in Sources */ = {isa = PBXBuildFile; fileRef = F57080EF0381E872019FB90B /* SDL.mm */; };
		BAF3B89A0F91ABDF00146F74 /* Text.cpp in Sources */ = {isa = PBXBuildFile; fileRef = A5726D49056EBC27005B4801 /* Text.cpp */; };
		BAF3B89B0F91ABDF00146F74 /* hq2x.cpp in Sources */ = {isa = PBXBuildFile; fileRef = A5726D51056EBC7A005B4801 /* hq2x.cpp */; };
		BAF3B89C0F91ABDF00146F74 /* agbprint.cpp in Sources */ = {isa = PBXBuildFile; fileRef = A54859820444CDD500BFF2FE /* agbprint.cpp */; };
		BAF3B89D0F91ABDF00146F74 /* Cheats.cpp in Sources */ = {isa = PBXBuildFile; fileRef = BAF3B80E0F91AB3D00146F74 /* Cheats.cpp */; };
		BAF3B89E0F91ABDF00146F74 /* armdis.cpp in Sources */ = {isa = PBXBuildFile; fileRef = BAF3B8100F91AB5800146F74 /* armdis.cpp */; };
		BAF3B89F0F91ABDF00146F74 /* exprNode.cpp in Sources */ = {isa = PBXBuildFile; fileRef = BAF3B8120F91AB6700146F74 /* exprNode.cpp */; };
		BAF3B8A00F91ABDF00146F74 /* expr.cpp in Sources */ = {isa = PBXBuildFile; fileRef = BAF3B8140F91AB7300146F74 /* expr.cpp */; };
		BAF3B8A10F91ABDF00146F74 /* expr-lex.cpp in Sources */ = {isa = PBXBuildFile; fileRef = BAF3B8160F91AB7A00146F74 /* expr-lex.cpp */; };
		BAF3B8A20F91ABDF00146F74 /* elf.cpp in Sources */ = {isa = PBXBuildFile; fileRef = BAF3B8180F91AB8600146F74 /* elf.cpp */; };
		BAF3B8A40F91ABDF00146F74 /* Cocoa.framework in Frameworks */ = {isa = PBXBuildFile; fileRef = 1058C7A1FEA54F0111CA2CBB /* Cocoa.framework */; };
		BAF3B9440F91B34400146F74 /* debugger.h in Headers */ = {isa = PBXBuildFile; fileRef = BAF3B9420F91B34400146F74 /* debugger.h */; };
		BAF3B9470F91B35A00146F74 /* debugger.cpp in Sources */ = {isa = PBXBuildFile; fileRef = BAF3B9450F91B35A00146F74 /* debugger.cpp */; };
		F09F19671C2A743E007A8617 /* SDL.framework in Frameworks */ = {isa = PBXBuildFile; fileRef = F09F19641C2A73DC007A8617 /* SDL.framework */; };
		F09F19681C2A743E007A8617 /* SDL.framework in CopyFiles */ = {isa = PBXBuildFile; fileRef = F09F19641C2A73DC007A8617 /* SDL.framework */; settings = {ATTRIBUTES = (CodeSignOnCopy, RemoveHeadersOnCopy, ); }; };
/* End PBXBuildFile section */

/* Begin PBXBuildRule section */
		BAF3B8AF0F91ABE000146F74 /* PBXBuildRule */ = {
			isa = PBXBuildRule;
			compilerSpec = com.apple.compilers.gcc.4_0;
			fileType = sourcecode.c;
			isEditable = 1;
			outputFiles = (
			);
			script = "";
		};
		BAF3B8B00F91ABE000146F74 /* PBXBuildRule */ = {
			isa = PBXBuildRule;
			compilerSpec = com.apple.compilers.gcc.4_0;
			fileType = sourcecode.c;
			isEditable = 1;
			outputFiles = (
			);
			script = "";
		};
		BAF3B8B10F91ABE000146F74 /* PBXBuildRule */ = {
			isa = PBXBuildRule;
			compilerSpec = com.apple.compilers.gcc.4_0;
			fileType = sourcecode.c;
			isEditable = 1;
			outputFiles = (
			);
			script = "";
		};
/* End PBXBuildRule section */

/* Begin PBXCopyFilesBuildPhase section */
		BAA109200FA0C07D00BB992B /* CopyFiles */ = {
			isa = PBXCopyFilesBuildPhase;
			buildActionMask = 2147483647;
			dstPath = "";
			dstSubfolderSpec = 7;
			files = (
			);
			runOnlyForDeploymentPostprocessing = 0;
		};
		BAF3B8A70F91ABDF00146F74 /* CopyFiles */ = {
			isa = PBXCopyFilesBuildPhase;
			buildActionMask = 2147483647;
			dstPath = "";
			dstSubfolderSpec = 10;
			files = (
				F09F19681C2A743E007A8617 /* SDL.framework in CopyFiles */,
				BAA109CC0FA0CD0300BB992B /* libpng.framework in CopyFiles */,
			);
			runOnlyForDeploymentPostprocessing = 0;
		};
/* End PBXCopyFilesBuildPhase section */

/* Begin PBXFileReference section */
		1058C7A1FEA54F0111CA2CBB /* Cocoa.framework */ = {isa = PBXFileReference; lastKnownFileType = wrapper.framework; name = Cocoa.framework; path = /System/Library/Frameworks/Cocoa.framework; sourceTree = "<absolute>"; };
		A51C7E3604CF12C200A80002 /* memgzio.c */ = {isa = PBXFileReference; fileEncoding = 30; lastKnownFileType = sourcecode.c.c; name = memgzio.c; path = ../src/memgzio.c; sourceTree = SOURCE_ROOT; };
		A51C7E3904CF12E200A80002 /* memgzio.h */ = {isa = PBXFileReference; fileEncoding = 30; lastKnownFileType = sourcecode.c.h; name = memgzio.h; path = ../src/memgzio.h; sourceTree = SOURCE_ROOT; };
		A51C7E3C04CF15C200A80002 /* GB.h */ = {isa = PBXFileReference; fileEncoding = 30; lastKnownFileType = sourcecode.c.h; name = GB.h; path = ../src/gb/GB.h; sourceTree = SOURCE_ROOT; };
		A51C7E3D04CF15C200A80002 /* gbCheats.h */ = {isa = PBXFileReference; fileEncoding = 30; lastKnownFileType = sourcecode.c.h; name = gbCheats.h; path = ../src/gb/gbCheats.h; sourceTree = SOURCE_ROOT; };
		A51C7E3E04CF15C200A80002 /* gbSGB.h */ = {isa = PBXFileReference; fileEncoding = 30; lastKnownFileType = sourcecode.c.h; name = gbSGB.h; path = ../src/gb/gbSGB.h; sourceTree = SOURCE_ROOT; };
		A51C7E3F04CF15C200A80002 /* gbSound.h */ = {isa = PBXFileReference; fileEncoding = 30; lastKnownFileType = sourcecode.c.h; name = gbSound.h; path = ../src/gb/gbSound.h; sourceTree = SOURCE_ROOT; };
		A51C7E4004CF15C200A80002 /* gbPrinter.h */ = {isa = PBXFileReference; fileEncoding = 30; lastKnownFileType = sourcecode.c.h; name = gbPrinter.h; path = ../src/gb/gbPrinter.h; sourceTree = SOURCE_ROOT; };
		A51C7E4104CF15C200A80002 /* gbCodes.h */ = {isa = PBXFileReference; fileEncoding = 30; lastKnownFileType = sourcecode.c.h; name = gbCodes.h; path = ../src/gb/gbCodes.h; sourceTree = SOURCE_ROOT; };
		A51C7E4204CF15C200A80002 /* gbGlobals.h */ = {isa = PBXFileReference; fileEncoding = 30; lastKnownFileType = sourcecode.c.h; name = gbGlobals.h; path = ../src/gb/gbGlobals.h; sourceTree = SOURCE_ROOT; };
		A51C7E4304CF15C200A80002 /* gbMemory.h */ = {isa = PBXFileReference; fileEncoding = 30; lastKnownFileType = sourcecode.c.h; name = gbMemory.h; path = ../src/gb/gbMemory.h; sourceTree = SOURCE_ROOT; };
		A51C7E5804CF1AE500A80002 /* interframe.cpp */ = {isa = PBXFileReference; fileEncoding = 30; lastKnownFileType = sourcecode.cpp.cpp; name = interframe.cpp; path = ../src/interframe.cpp; sourceTree = SOURCE_ROOT; };
		A548597F0444CDCF00BFF2FE /* RTC.cpp */ = {isa = PBXFileReference; fileEncoding = 30; lastKnownFileType = sourcecode.cpp.cpp; name = RTC.cpp; path = ../src/RTC.cpp; sourceTree = SOURCE_ROOT; };
		A54859820444CDD500BFF2FE /* agbprint.cpp */ = {isa = PBXFileReference; fileEncoding = 30; lastKnownFileType = sourcecode.cpp.cpp; name = agbprint.cpp; path = ../src/agbprint.cpp; sourceTree = SOURCE_ROOT; };
		A5726D49056EBC27005B4801 /* Text.cpp */ = {isa = PBXFileReference; fileEncoding = 30; lastKnownFileType = sourcecode.cpp.cpp; name = Text.cpp; path = ../src/Text.cpp; sourceTree = SOURCE_ROOT; };
		A5726D4B056EBC2E005B4801 /* Text.h */ = {isa = PBXFileReference; fileEncoding = 30; lastKnownFileType = sourcecode.c.h; name = Text.h; path = ../src/Text.h; sourceTree = SOURCE_ROOT; };
		A5726D51056EBC7A005B4801 /* hq2x.cpp */ = {isa = PBXFileReference; fileEncoding = 30; lastKnownFileType = sourcecode.cpp.cpp; name = hq2x.cpp; path = ../src/hq2x.cpp; sourceTree = SOURCE_ROOT; };
		A58BC95D0420353900BFF2FE /* KeyConfig.mm */ = {isa = PBXFileReference; fileEncoding = 30; lastKnownFileType = sourcecode.cpp.objcpp; name = KeyConfig.mm; path = ../src/macosx/KeyConfig.mm; sourceTree = SOURCE_ROOT; };
		A5936EEA03C63D9C009E6289 /* bilinear.cpp */ = {isa = PBXFileReference; fileEncoding = 30; lastKnownFileType = sourcecode.cpp.cpp; name = bilinear.cpp; path = ../src/bilinear.cpp; sourceTree = SOURCE_ROOT; };
		A59B207704966ADE00BFF2FE /* English */ = {isa = PBXFileReference; lastKnownFileType = wrapper.nib; name = English; path = English.lproj/Main.nib; sourceTree = "<group>"; };
		A5A221B90492372C00BFF2FE /* arm-new.h */ = {isa = PBXFileReference; fileEncoding = 30; lastKnownFileType = sourcecode.c.h; name = "arm-new.h"; path = "../src/arm-new.h"; sourceTree = SOURCE_ROOT; };
		A5A221BA0492372C00BFF2FE /* thumb.h */ = {isa = PBXFileReference; fileEncoding = 30; lastKnownFileType = sourcecode.c.h; name = thumb.h; path = ../src/thumb.h; sourceTree = SOURCE_ROOT; };
		A5A9964C04212DA100BFF2FE /* KeyConfig.h */ = {isa = PBXFileReference; fileEncoding = 4; lastKnownFileType = sourcecode.c.h; name = KeyConfig.h; path = ../src/macosx/KeyConfig.h; sourceTree = SOURCE_ROOT; };
		A5E1AEDE045054C700BFF2FE /* scanline.cpp */ = {isa = PBXFileReference; fileEncoding = 30; lastKnownFileType = sourcecode.cpp.cpp; name = scanline.cpp; path = ../src/scanline.cpp; sourceTree = SOURCE_ROOT; };
		BAA109C00FA0CC8000BB992B /* libpng.framework */ = {isa = PBXFileReference; lastKnownFileType = wrapper.framework; path = libpng.framework; sourceTree = "<group>"; };
		BAF3B80E0F91AB3D00146F74 /* Cheats.cpp */ = {isa = PBXFileReference; fileEncoding = 4; lastKnownFileType = sourcecode.cpp.cpp; path = Cheats.cpp; sourceTree = "<group>"; };
		BAF3B8100F91AB5800146F74 /* armdis.cpp */ = {isa = PBXFileReference; fileEncoding = 4; lastKnownFileType = sourcecode.cpp.cpp; path = armdis.cpp; sourceTree = "<group>"; };
		BAF3B8120F91AB6700146F74 /* exprNode.cpp */ = {isa = PBXFileReference; fileEncoding = 4; lastKnownFileType = sourcecode.cpp.cpp; path = exprNode.cpp; sourceTree = "<group>"; };
		BAF3B8140F91AB7300146F74 /* expr.cpp */ = {isa = PBXFileReference; fileEncoding = 4; lastKnownFileType = sourcecode.cpp.cpp; path = expr.cpp; sourceTree = "<group>"; };
		BAF3B8160F91AB7A00146F74 /* expr-lex.cpp */ = {isa = PBXFileReference; fileEncoding = 4; lastKnownFileType = sourcecode.cpp.cpp; path = "expr-lex.cpp"; sourceTree = "<group>"; };
		BAF3B8180F91AB8600146F74 /* elf.cpp */ = {isa = PBXFileReference; fileEncoding = 4; lastKnownFileType = sourcecode.cpp.cpp; path = elf.cpp; sourceTree = "<group>"; };
		BAF3B81A0F91AB9E00146F74 /* elf.h */ = {isa = PBXFileReference; fileEncoding = 4; lastKnownFileType = sourcecode.c.h; path = elf.h; sourceTree = "<group>"; };
		BAF3B8AC0F91ABDF00146F74 /* Info-Visual_Boy_Advance.plist */ = {isa = PBXFileReference; lastKnownFileType = text.plist.xml; path = "Info-Visual_Boy_Advance.plist"; sourceTree = "<group>"; };
		BAF3B8AD0F91ABDF00146F74 /* VisualBoyAdvance.app */ = {isa = PBXFileReference; explicitFileType = wrapper.application; includeInIndex = 0; path = VisualBoyAdvance.app; sourceTree = BUILT_PRODUCTS_DIR; };
		BAF3B9270F91B0DB00146F74 /* SDL.framework */ = {isa = PBXFileReference; lastKnownFileType = wrapper.framework; path = SDL.framework; sourceTree = "<group>"; };
		BAF3B9420F91B34400146F74 /* debugger.h */ = {isa = PBXFileReference; fileEncoding = 4; lastKnownFileType = sourcecode.c.h; name = debugger.h; path = ../src/sdl/debugger.h; sourceTree = SOURCE_ROOT; };
		BAF3B9450F91B35A00146F74 /* debugger.cpp */ = {isa = PBXFileReference; fileEncoding = 4; lastKnownFileType = sourcecode.cpp.cpp; name = debugger.cpp; path = ../src/sdl/debugger.cpp; sourceTree = SOURCE_ROOT; };
		F09F19641C2A73DC007A8617 /* SDL.framework */ = {isa = PBXFileReference; lastKnownFileType = wrapper.framework; path = SDL.framework; sourceTree = "<group>"; };
		F512304D03830368019FB90B /* motionblur.cpp */ = {isa = PBXFileReference; fileEncoding = 30; lastKnownFileType = sourcecode.cpp.cpp; name = motionblur.cpp; path = ../src/motionblur.cpp; sourceTree = SOURCE_ROOT; };
		F512304F03830368019FB90B /* simple2x.cpp */ = {isa = PBXFileReference; fileEncoding = 30; lastKnownFileType = sourcecode.cpp.cpp; name = simple2x.cpp; path = ../src/simple2x.cpp; sourceTree = SOURCE_ROOT; };
		F512305003830368019FB90B /* pixel.cpp */ = {isa = PBXFileReference; fileEncoding = 30; lastKnownFileType = sourcecode.cpp.cpp; name = pixel.cpp; path = ../src/pixel.cpp; sourceTree = SOURCE_ROOT; };
		F53A4F7A03A3DD1D019E6289 /* 2xSaI.cpp */ = {isa = PBXFileReference; fileEncoding = 30; lastKnownFileType = sourcecode.cpp.cpp; name = 2xSaI.cpp; path = ../src/2xSaI.cpp; sourceTree = SOURCE_ROOT; };
		F54576300381E28D019FB90B /* openfile.mm */ = {isa = PBXFileReference; fileEncoding = 30; lastKnownFileType = sourcecode.cpp.objcpp; name = openfile.mm; path = ../src/macosx/openfile.mm; sourceTree = SOURCE_ROOT; };
		F54576310381E28D019FB90B /* MainClass.h */ = {isa = PBXFileReference; fileEncoding = 30; lastKnownFileType = sourcecode.c.h; name = MainClass.h; path = ../src/macosx/MainClass.h; sourceTree = SOURCE_ROOT; };
		F54576320381E28D019FB90B /* openfile.h */ = {isa = PBXFileReference; fileEncoding = 30; lastKnownFileType = sourcecode.c.h; name = openfile.h; path = ../src/macosx/openfile.h; sourceTree = SOURCE_ROOT; };
		F54576440381E2B6019FB90B /* savestate.icns */ = {isa = PBXFileReference; lastKnownFileType = image.icns; name = savestate.icns; path = ../src/macosx/savestate.icns; sourceTree = SOURCE_ROOT; };
		F54576450381E2B6019FB90B /* system.icns */ = {isa = PBXFileReference; lastKnownFileType = image.icns; name = system.icns; path = ../src/macosx/system.icns; sourceTree = SOURCE_ROOT; };
		F54576460381E2B6019FB90B /* cart.icns */ = {isa = PBXFileReference; lastKnownFileType = image.icns; name = cart.icns; path = ../src/macosx/cart.icns; sourceTree = SOURCE_ROOT; };
		F545764B0381E2F3019FB90B /* Flash.cpp */ = {isa = PBXFileReference; fileEncoding = 30; lastKnownFileType = sourcecode.cpp.cpp; name = Flash.cpp; path = ../src/Flash.cpp; sourceTree = SOURCE_ROOT; };
		F545764C0381E2F3019FB90B /* Mode5.cpp */ = {isa = PBXFileReference; fileEncoding = 30; lastKnownFileType = sourcecode.cpp.cpp; name = Mode5.cpp; path = ../src/Mode5.cpp; sourceTree = SOURCE_ROOT; };
		F545764E0381E2F4019FB90B /* Globals.cpp */ = {isa = PBXFileReference; fileEncoding = 30; lastKnownFileType = sourcecode.cpp.cpp; name = Globals.cpp; path = ../src/Globals.cpp; sourceTree = SOURCE_ROOT; };
		F54576510381E2F4019FB90B /* Mode3.cpp */ = {isa = PBXFileReference; fileEncoding = 30; lastKnownFileType = sourcecode.cpp.cpp; name = Mode3.cpp; path = ../src/Mode3.cpp; sourceTree = SOURCE_ROOT; };
		F54576520381E2F4019FB90B /* Sound.cpp */ = {isa = PBXFileReference; fileEncoding = 30; lastKnownFileType = sourcecode.cpp.cpp; name = Sound.cpp; path = ../src/Sound.cpp; sourceTree = SOURCE_ROOT; };
		F54576540381E2F4019FB90B /* admame.cpp */ = {isa = PBXFileReference; fileEncoding = 30; lastKnownFileType = sourcecode.cpp.cpp; name = admame.cpp; path = ../src/admame.cpp; sourceTree = SOURCE_ROOT; };
		F54576560381E2F4019FB90B /* Mode1.cpp */ = {isa = PBXFileReference; fileEncoding = 30; lastKnownFileType = sourcecode.cpp.cpp; name = Mode1.cpp; path = ../src/Mode1.cpp; sourceTree = SOURCE_ROOT; };
		F54576570381E2F4019FB90B /* Mode0.cpp */ = {isa = PBXFileReference; fileEncoding = 30; lastKnownFileType = sourcecode.cpp.cpp; name = Mode0.cpp; path = ../src/Mode0.cpp; sourceTree = SOURCE_ROOT; };
		F54576580381E2F4019FB90B /* Mode2.cpp */ = {isa = PBXFileReference; fileEncoding = 30; lastKnownFileType = sourcecode.cpp.cpp; name = Mode2.cpp; path = ../src/Mode2.cpp; sourceTree = SOURCE_ROOT; };
		F54576590381E2F4019FB90B /* Gfx.cpp */ = {isa = PBXFileReference; fileEncoding = 30; lastKnownFileType = sourcecode.cpp.cpp; name = Gfx.cpp; path = ../src/Gfx.cpp; sourceTree = SOURCE_ROOT; };
		F545765B0381E2F4019FB90B /* EEprom.cpp */ = {isa = PBXFileReference; fileEncoding = 30; lastKnownFileType = sourcecode.cpp.cpp; name = EEprom.cpp; path = ../src/EEprom.cpp; sourceTree = SOURCE_ROOT; };
		F545765E0381E2F4019FB90B /* unzip.cpp */ = {isa = PBXFileReference; fileEncoding = 30; lastKnownFileType = sourcecode.cpp.cpp; name = unzip.cpp; path = ../src/unzip.cpp; sourceTree = SOURCE_ROOT; };
		F545765F0381E2F4019FB90B /* Sram.cpp */ = {isa = PBXFileReference; fileEncoding = 30; lastKnownFileType = sourcecode.cpp.cpp; name = Sram.cpp; path = ../src/Sram.cpp; sourceTree = SOURCE_ROOT; };
		F54576610381E2F4019FB90B /* GBA.cpp */ = {isa = PBXFileReference; fileEncoding = 30; lastKnownFileType = sourcecode.cpp.cpp; name = GBA.cpp; path = ../src/GBA.cpp; sourceTree = SOURCE_ROOT; };
		F54576620381E2F4019FB90B /* Util.cpp */ = {isa = PBXFileReference; fileEncoding = 30; lastKnownFileType = sourcecode.cpp.cpp; name = Util.cpp; path = ../src/Util.cpp; sourceTree = SOURCE_ROOT; };
		F54576630381E2F4019FB90B /* bios.cpp */ = {isa = PBXFileReference; fileEncoding = 30; lastKnownFileType = sourcecode.cpp.cpp; name = bios.cpp; path = ../src/bios.cpp; sourceTree = SOURCE_ROOT; };
		F54576640381E2F4019FB90B /* Mode4.cpp */ = {isa = PBXFileReference; fileEncoding = 30; lastKnownFileType = sourcecode.cpp.cpp; name = Mode4.cpp; path = ../src/Mode4.cpp; sourceTree = SOURCE_ROOT; };
		F54576800381E32C019FB90B /* unzip.h */ = {isa = PBXFileReference; fileEncoding = 30; lastKnownFileType = sourcecode.c.h; name = unzip.h; path = ../src/unzip.h; sourceTree = SOURCE_ROOT; };
		F54576810381E32C019FB90B /* Cheats.h */ = {isa = PBXFileReference; fileEncoding = 30; lastKnownFileType = sourcecode.c.h; name = Cheats.h; path = ../src/Cheats.h; sourceTree = SOURCE_ROOT; };
		F54576820381E32C019FB90B /* Flash.h */ = {isa = PBXFileReference; fileEncoding = 30; lastKnownFileType = sourcecode.c.h; name = Flash.h; path = ../src/Flash.h; sourceTree = SOURCE_ROOT; };
		F54576830381E32C019FB90B /* Sram.h */ = {isa = PBXFileReference; fileEncoding = 30; lastKnownFileType = sourcecode.c.h; name = Sram.h; path = ../src/Sram.h; sourceTree = SOURCE_ROOT; };
		F54576840381E32C019FB90B /* System.h */ = {isa = PBXFileReference; fileEncoding = 30; lastKnownFileType = sourcecode.c.h; name = System.h; path = ../src/System.h; sourceTree = SOURCE_ROOT; };
		F54576850381E32C019FB90B /* bios.h */ = {isa = PBXFileReference; fileEncoding = 30; lastKnownFileType = sourcecode.c.h; name = bios.h; path = ../src/bios.h; sourceTree = SOURCE_ROOT; };
		F54576860381E32C019FB90B /* Port.h */ = {isa = PBXFileReference; fileEncoding = 30; lastKnownFileType = sourcecode.c.h; name = Port.h; path = ../src/Port.h; sourceTree = SOURCE_ROOT; };
		F54576870381E32C019FB90B /* EEprom.h */ = {isa = PBXFileReference; fileEncoding = 30; lastKnownFileType = sourcecode.c.h; name = EEprom.h; path = ../src/EEprom.h; sourceTree = SOURCE_ROOT; };
		F545768A0381E32C019FB90B /* Gfx.h */ = {isa = PBXFileReference; fileEncoding = 30; lastKnownFileType = sourcecode.c.h; name = Gfx.h; path = ../src/Gfx.h; sourceTree = SOURCE_ROOT; };
		F545768B0381E32C019FB90B /* Util.h */ = {isa = PBXFileReference; fileEncoding = 30; lastKnownFileType = sourcecode.c.h; name = Util.h; path = ../src/Util.h; sourceTree = SOURCE_ROOT; };
		F545768D0381E32C019FB90B /* GBA.h */ = {isa = PBXFileReference; fileEncoding = 30; lastKnownFileType = sourcecode.c.h; name = GBA.h; path = ../src/GBA.h; sourceTree = SOURCE_ROOT; };
		F545768F0381E32C019FB90B /* Globals.h */ = {isa = PBXFileReference; fileEncoding = 30; lastKnownFileType = sourcecode.c.h; name = Globals.h; path = ../src/Globals.h; sourceTree = SOURCE_ROOT; };
		F54576900381E32C019FB90B /* NLS.h */ = {isa = PBXFileReference; fileEncoding = 30; lastKnownFileType = sourcecode.c.h; name = NLS.h; path = ../src/NLS.h; sourceTree = SOURCE_ROOT; };
		F54576910381E32C019FB90B /* AutoBuild.h */ = {isa = PBXFileReference; fileEncoding = 30; lastKnownFileType = sourcecode.c.h; name = AutoBuild.h; path = ../src/AutoBuild.h; sourceTree = SOURCE_ROOT; };
		F54576940381E32C019FB90B /* GBAinline.h */ = {isa = PBXFileReference; fileEncoding = 30; lastKnownFileType = sourcecode.c.h; name = GBAinline.h; path = ../src/GBAinline.h; sourceTree = SOURCE_ROOT; };
		F54576950381E32C019FB90B /* Sound.h */ = {isa = PBXFileReference; fileEncoding = 30; lastKnownFileType = sourcecode.c.h; name = Sound.h; path = ../src/Sound.h; sourceTree = SOURCE_ROOT; };
		F54576AC0381E347019FB90B /* gbGlobals.cpp */ = {isa = PBXFileReference; fileEncoding = 30; lastKnownFileType = sourcecode.cpp.cpp; name = gbGlobals.cpp; path = ../src/gb/gbGlobals.cpp; sourceTree = SOURCE_ROOT; };
		F54576AD0381E347019FB90B /* gbMemory.cpp */ = {isa = PBXFileReference; fileEncoding = 30; lastKnownFileType = sourcecode.cpp.cpp; name = gbMemory.cpp; path = ../src/gb/gbMemory.cpp; sourceTree = SOURCE_ROOT; };
		F54576AE0381E347019FB90B /* gbGfx.cpp */ = {isa = PBXFileReference; fileEncoding = 30; lastKnownFileType = sourcecode.cpp.cpp; name = gbGfx.cpp; path = ../src/gb/gbGfx.cpp; sourceTree = SOURCE_ROOT; };
		F54576AF0381E347019FB90B /* gbCheats.cpp */ = {isa = PBXFileReference; fileEncoding = 30; lastKnownFileType = sourcecode.cpp.cpp; name = gbCheats.cpp; path = ../src/gb/gbCheats.cpp; sourceTree = SOURCE_ROOT; };
		F54576B00381E347019FB90B /* gbPrinter.cpp */ = {isa = PBXFileReference; fileEncoding = 30; lastKnownFileType = sourcecode.cpp.cpp; name = gbPrinter.cpp; path = ../src/gb/gbPrinter.cpp; sourceTree = SOURCE_ROOT; };
		F54576B10381E347019FB90B /* GB.cpp */ = {isa = PBXFileReference; fileEncoding = 30; lastKnownFileType = sourcecode.cpp.cpp; name = GB.cpp; path = ../src/gb/GB.cpp; sourceTree = SOURCE_ROOT; };
		F54576B20381E347019FB90B /* gbSGB.cpp */ = {isa = PBXFileReference; fileEncoding = 30; lastKnownFileType = sourcecode.cpp.cpp; name = gbSGB.cpp; path = ../src/gb/gbSGB.cpp; sourceTree = SOURCE_ROOT; };
		F54576B30381E347019FB90B /* gbSound.cpp */ = {isa = PBXFileReference; fileEncoding = 30; lastKnownFileType = sourcecode.cpp.cpp; name = gbSound.cpp; path = ../src/gb/gbSound.cpp; sourceTree = SOURCE_ROOT; };
		F57080EF0381E872019FB90B /* SDL.mm */ = {isa = PBXFileReference; fileEncoding = 30; lastKnownFileType = sourcecode.cpp.objcpp; name = SDL.mm; path = ../src/macosx/SDL.mm; sourceTree = "<group>"; };
		F5F08B47038DDA2D019E6289 /* MainClass.mm */ = {isa = PBXFileReference; fileEncoding = 30; lastKnownFileType = sourcecode.cpp.objcpp; name = MainClass.mm; path = ../src/macosx/MainClass.mm; sourceTree = SOURCE_ROOT; };
/* End PBXFileReference section */

/* Begin PBXFrameworksBuildPhase section */
		BAF3B8A30F91ABDF00146F74 /* Frameworks */ = {
			isa = PBXFrameworksBuildPhase;
			buildActionMask = 2147483647;
			files = (
				F09F19671C2A743E007A8617 /* SDL.framework in Frameworks */,
				BAF3B8A40F91ABDF00146F74 /* Cocoa.framework in Frameworks */,
				BAA109C10FA0CC8000BB992B /* libpng.framework in Frameworks */,
			);
			runOnlyForDeploymentPostprocessing = 0;
		};
/* End PBXFrameworksBuildPhase section */

/* Begin PBXGroup section */
		080E96DDFE201D6D7F000001 /* Classes */ = {
			isa = PBXGroup;
			children = (
				F5F08B47038DDA2D019E6289 /* MainClass.mm */,
				F54576310381E28D019FB90B /* MainClass.h */,
				A58BC95D0420353900BFF2FE /* KeyConfig.mm */,
				A5A9964C04212DA100BFF2FE /* KeyConfig.h */,
				F54576300381E28D019FB90B /* openfile.mm */,
				F54576320381E28D019FB90B /* openfile.h */,
			);
			name = Classes;
			sourceTree = "<group>";
		};
		1058C7A0FEA54F0111CA2CBB /* Linked Frameworks */ = {
			isa = PBXGroup;
			children = (
				BAA109C00FA0CC8000BB992B /* libpng.framework */,
				BAF3B9270F91B0DB00146F74 /* SDL.framework */,
				1058C7A1FEA54F0111CA2CBB /* Cocoa.framework */,
			);
			name = "Linked Frameworks";
			sourceTree = "<group>";
		};
		19C28FACFE9D520D11CA2CBB /* Products */ = {
			isa = PBXGroup;
			children = (
				BAF3B8AD0F91ABDF00146F74 /* VisualBoyAdvance.app */,
			);
			name = Products;
			sourceTree = "<group>";
		};
		29B97314FDCFA39411CA2CEA /* VisualBoyAdvance */ = {
			isa = PBXGroup;
			children = (
				F09F19641C2A73DC007A8617 /* SDL.framework */,
				080E96DDFE201D6D7F000001 /* Classes */,
				F5DE472E0381A753019FB90B /* Includes */,
				F5DE47D00381ABEC019FB90B /* Sources */,
				29B97317FDCFA39411CA2CEA /* Resources */,
				29B97323FDCFA39411CA2CEA /* Frameworks */,
				19C28FACFE9D520D11CA2CBB /* Products */,
				BAF3B8AC0F91ABDF00146F74 /* Info-Visual_Boy_Advance.plist */,
			);
			name = VisualBoyAdvance;
			sourceTree = "<group>";
		};
		29B97317FDCFA39411CA2CEA /* Resources */ = {
			isa = PBXGroup;
			children = (
				A59B207604966ADE00BFF2FE /* Main.nib */,
				F54576430381E2AA019FB90B /* Icons */,
			);
			name = Resources;
			sourceTree = "<group>";
		};
		29B97323FDCFA39411CA2CEA /* Frameworks */ = {
			isa = PBXGroup;
			children = (
				1058C7A0FEA54F0111CA2CBB /* Linked Frameworks */,
			);
			name = Frameworks;
			sourceTree = "<group>";
		};
		A541A3D60419465300BFF2FE /* GB */ = {
			isa = PBXGroup;
			children = (
				F54576AC0381E347019FB90B /* gbGlobals.cpp */,
				F54576AD0381E347019FB90B /* gbMemory.cpp */,
				F54576AE0381E347019FB90B /* gbGfx.cpp */,
				F54576AF0381E347019FB90B /* gbCheats.cpp */,
				F54576B00381E347019FB90B /* gbPrinter.cpp */,
				F54576B10381E347019FB90B /* GB.cpp */,
				F54576B20381E347019FB90B /* gbSGB.cpp */,
				F54576B30381E347019FB90B /* gbSound.cpp */,
			);
			name = GB;
			sourceTree = "<group>";
		};
		A541A3D70419466400BFF2FE /* Video Filters */ = {
			isa = PBXGroup;
			children = (
				A5726D51056EBC7A005B4801 /* hq2x.cpp */,
				A51C7E5804CF1AE500A80002 /* interframe.cpp */,
				A5936EEA03C63D9C009E6289 /* bilinear.cpp */,
				F512304D03830368019FB90B /* motionblur.cpp */,
				F53A4F7A03A3DD1D019E6289 /* 2xSaI.cpp */,
				F512304F03830368019FB90B /* simple2x.cpp */,
				F512305003830368019FB90B /* pixel.cpp */,
				F54576540381E2F4019FB90B /* admame.cpp */,
				A5E1AEDE045054C700BFF2FE /* scanline.cpp */,
			);
			name = "Video Filters";
			sourceTree = "<group>";
		};
		A541A3D8041946DF00BFF2FE /* GB */ = {
			isa = PBXGroup;
			children = (
				A51C7E3C04CF15C200A80002 /* GB.h */,
				A51C7E3D04CF15C200A80002 /* gbCheats.h */,
				A51C7E3E04CF15C200A80002 /* gbSGB.h */,
				A51C7E3F04CF15C200A80002 /* gbSound.h */,
				A51C7E4004CF15C200A80002 /* gbPrinter.h */,
				A51C7E4104CF15C200A80002 /* gbCodes.h */,
				A51C7E4204CF15C200A80002 /* gbGlobals.h */,
				A51C7E4304CF15C200A80002 /* gbMemory.h */,
			);
			name = GB;
			sourceTree = "<group>";
		};
		F54576430381E2AA019FB90B /* Icons */ = {
			isa = PBXGroup;
			children = (
				F54576440381E2B6019FB90B /* savestate.icns */,
				F54576450381E2B6019FB90B /* system.icns */,
				F54576460381E2B6019FB90B /* cart.icns */,
			);
			name = Icons;
			sourceTree = "<group>";
		};
		F5DE472E0381A753019FB90B /* Includes */ = {
			isa = PBXGroup;
			children = (
				F54576910381E32C019FB90B /* AutoBuild.h */,
				F54576810381E32C019FB90B /* Cheats.h */,
				F54576870381E32C019FB90B /* EEprom.h */,
				F54576820381E32C019FB90B /* Flash.h */,
				A541A3D8041946DF00BFF2FE /* GB */,
				F545768D0381E32C019FB90B /* GBA.h */,
				BAF3B9420F91B34400146F74 /* debugger.h */,
				F54576940381E32C019FB90B /* GBAinline.h */,
				F545768A0381E32C019FB90B /* Gfx.h */,
				F545768F0381E32C019FB90B /* Globals.h */,
				F54576900381E32C019FB90B /* NLS.h */,
				F54576860381E32C019FB90B /* Port.h */,
				F54576950381E32C019FB90B /* Sound.h */,
				F54576830381E32C019FB90B /* Sram.h */,
				F54576840381E32C019FB90B /* System.h */,
				A5726D4B056EBC2E005B4801 /* Text.h */,
				F545768B0381E32C019FB90B /* Util.h */,
				A5A221B90492372C00BFF2FE /* arm-new.h */,
				F54576850381E32C019FB90B /* bios.h */,
				BAF3B81A0F91AB9E00146F74 /* elf.h */,
				A51C7E3904CF12E200A80002 /* memgzio.h */,
				A5A221BA0492372C00BFF2FE /* thumb.h */,
				F54576800381E32C019FB90B /* unzip.h */,
			);
			name = Includes;
			sourceTree = "<group>";
		};
		F5DE47D00381ABEC019FB90B /* Sources */ = {
			isa = PBXGroup;
			children = (
				BAF3B80E0F91AB3D00146F74 /* Cheats.cpp */,
				F545765B0381E2F4019FB90B /* EEprom.cpp */,
				F545764B0381E2F3019FB90B /* Flash.cpp */,
				A541A3D60419465300BFF2FE /* GB */,
				F54576610381E2F4019FB90B /* GBA.cpp */,
				F54576590381E2F4019FB90B /* Gfx.cpp */,
				F545764E0381E2F4019FB90B /* Globals.cpp */,
				F54576570381E2F4019FB90B /* Mode0.cpp */,
				F54576560381E2F4019FB90B /* Mode1.cpp */,
				F54576580381E2F4019FB90B /* Mode2.cpp */,
				BAF3B9450F91B35A00146F74 /* debugger.cpp */,
				F54576510381E2F4019FB90B /* Mode3.cpp */,
				F54576640381E2F4019FB90B /* Mode4.cpp */,
				F545764C0381E2F3019FB90B /* Mode5.cpp */,
				A548597F0444CDCF00BFF2FE /* RTC.cpp */,
				F57080EF0381E872019FB90B /* SDL.mm */,
				F54576520381E2F4019FB90B /* Sound.cpp */,
				F545765F0381E2F4019FB90B /* Sram.cpp */,
				A5726D49056EBC27005B4801 /* Text.cpp */,
				F54576620381E2F4019FB90B /* Util.cpp */,
				A541A3D70419466400BFF2FE /* Video Filters */,
				A54859820444CDD500BFF2FE /* agbprint.cpp */,
				BAF3B8100F91AB5800146F74 /* armdis.cpp */,
				F54576630381E2F4019FB90B /* bios.cpp */,
				BAF3B8120F91AB6700146F74 /* exprNode.cpp */,
				BAF3B8160F91AB7A00146F74 /* expr-lex.cpp */,
				BAF3B8180F91AB8600146F74 /* elf.cpp */,
				BAF3B8140F91AB7300146F74 /* expr.cpp */,
				A51C7E3604CF12C200A80002 /* memgzio.c */,
				F545765E0381E2F4019FB90B /* unzip.cpp */,
			);
			name = Sources;
			sourceTree = "<group>";
		};
/* End PBXGroup section */

/* Begin PBXHeadersBuildPhase section */
		BAF3B84C0F91ABDF00146F74 /* Headers */ = {
			isa = PBXHeadersBuildPhase;
			buildActionMask = 2147483647;
			files = (
				BAF3B84D0F91ABDF00146F74 /* MainClass.h in Headers */,
				BAF3B84E0F91ABDF00146F74 /* openfile.h in Headers */,
				BAF3B84F0F91ABDF00146F74 /* unzip.h in Headers */,
				BAF3B8500F91ABDF00146F74 /* Cheats.h in Headers */,
				BAF3B8510F91ABDF00146F74 /* Flash.h in Headers */,
				BAF3B8520F91ABDF00146F74 /* Sram.h in Headers */,
				BAF3B8530F91ABDF00146F74 /* System.h in Headers */,
				BAF3B8540F91ABDF00146F74 /* bios.h in Headers */,
				BAF3B8550F91ABDF00146F74 /* Port.h in Headers */,
				BAF3B8560F91ABDF00146F74 /* EEprom.h in Headers */,
				BAF3B8570F91ABDF00146F74 /* Gfx.h in Headers */,
				BAF3B8580F91ABDF00146F74 /* Util.h in Headers */,
				BAF3B8590F91ABDF00146F74 /* GBA.h in Headers */,
				BAF3B85A0F91ABDF00146F74 /* Globals.h in Headers */,
				BAF3B85B0F91ABDF00146F74 /* NLS.h in Headers */,
				BAF3B85C0F91ABDF00146F74 /* AutoBuild.h in Headers */,
				BAF3B85D0F91ABDF00146F74 /* GBAinline.h in Headers */,
				BAF3B85E0F91ABDF00146F74 /* Sound.h in Headers */,
				BAF3B85F0F91ABDF00146F74 /* KeyConfig.h in Headers */,
				BAF3B8600F91ABDF00146F74 /* arm-new.h in Headers */,
				BAF3B8610F91ABDF00146F74 /* thumb.h in Headers */,
				BAF3B8620F91ABDF00146F74 /* memgzio.h in Headers */,
				BAF3B8630F91ABDF00146F74 /* GB.h in Headers */,
				BAF3B8640F91ABDF00146F74 /* gbCheats.h in Headers */,
				BAF3B8650F91ABDF00146F74 /* gbSGB.h in Headers */,
				BAF3B8660F91ABDF00146F74 /* gbSound.h in Headers */,
				BAF3B8670F91ABDF00146F74 /* gbPrinter.h in Headers */,
				BAF3B8680F91ABDF00146F74 /* gbCodes.h in Headers */,
				BAF3B8690F91ABDF00146F74 /* gbGlobals.h in Headers */,
				BAF3B86A0F91ABDF00146F74 /* gbMemory.h in Headers */,
				BAF3B86B0F91ABDF00146F74 /* Text.h in Headers */,
				BAF3B86C0F91ABDF00146F74 /* elf.h in Headers */,
				BAF3B9440F91B34400146F74 /* debugger.h in Headers */,
			);
			runOnlyForDeploymentPostprocessing = 0;
		};
/* End PBXHeadersBuildPhase section */

/* Begin PBXNativeTarget section */
		BAF3B84B0F91ABDF00146F74 /* Visual Boy Advance */ = {
			isa = PBXNativeTarget;
			buildConfigurationList = BAF3B8A80F91ABDF00146F74 /* Build configuration list for PBXNativeTarget "Visual Boy Advance" */;
			buildPhases = (
				BAF3B84C0F91ABDF00146F74 /* Headers */,
				BAF3B86E0F91ABDF00146F74 /* Resources */,
				BAF3B8730F91ABDF00146F74 /* Sources */,
				BAF3B8A30F91ABDF00146F74 /* Frameworks */,
				BAF3B8A70F91ABDF00146F74 /* CopyFiles */,
				BAA109200FA0C07D00BB992B /* CopyFiles */,
			);
			buildRules = (
				BAF3B8AF0F91ABE000146F74 /* PBXBuildRule */,
				BAF3B8B00F91ABE000146F74 /* PBXBuildRule */,
				BAF3B8B10F91ABE000146F74 /* PBXBuildRule */,
			);
			dependencies = (
			);
			name = "Visual Boy Advance";
			productInstallPath = "$(HOME)/Applications";
			productName = VisualBoyAdvance;
			productReference = BAF3B8AD0F91ABDF00146F74 /* VisualBoyAdvance.app */;
			productType = "com.apple.product-type.application";
		};
/* End PBXNativeTarget section */

/* Begin PBXProject section */
		29B97313FDCFA39411CA2CEA /* Project object */ = {
			isa = PBXProject;
			attributes = {
			};
			buildConfigurationList = BAF3B8070F91AAEB00146F74 /* Build configuration list for PBXProject "Visual Boy Advance" */;
			compatibilityVersion = "Xcode 2.4";
			developmentRegion = English;
			hasScannedForEncodings = 1;
			knownRegions = (
				en,
			);
			mainGroup = 29B97314FDCFA39411CA2CEA /* VisualBoyAdvance */;
			projectDirPath = "";
			projectRoot = "";
			targets = (
				BAF3B84B0F91ABDF00146F74 /* Visual Boy Advance */,
			);
		};
/* End PBXProject section */

/* Begin PBXResourcesBuildPhase section */
		BAF3B86E0F91ABDF00146F74 /* Resources */ = {
			isa = PBXResourcesBuildPhase;
			buildActionMask = 2147483647;
			files = (
				BAF3B86F0F91ABDF00146F74 /* savestate.icns in Resources */,
				BAF3B8700F91ABDF00146F74 /* system.icns in Resources */,
				BAF3B8710F91ABDF00146F74 /* cart.icns in Resources */,
				BAF3B8720F91ABDF00146F74 /* Main.nib in Resources */,
			);
			runOnlyForDeploymentPostprocessing = 0;
		};
/* End PBXResourcesBuildPhase section */

/* Begin PBXSourcesBuildPhase section */
		BAF3B8730F91ABDF00146F74 /* Sources */ = {
			isa = PBXSourcesBuildPhase;
			buildActionMask = 2147483647;
			files = (
				BAF3B8740F91ABDF00146F74 /* openfile.mm in Sources */,
				BAF3B8750F91ABDF00146F74 /* Flash.cpp in Sources */,
				BAF3B8760F91ABDF00146F74 /* Mode5.cpp in Sources */,
				BAF3B8770F91ABDF00146F74 /* Globals.cpp in Sources */,
				BAF3B8780F91ABDF00146F74 /* Mode3.cpp in Sources */,
				BAF3B8790F91ABDF00146F74 /* Sound.cpp in Sources */,
				BAF3B87A0F91ABDF00146F74 /* admame.cpp in Sources */,
				BAF3B87B0F91ABDF00146F74 /* Mode1.cpp in Sources */,
				BAF3B87C0F91ABDF00146F74 /* Mode0.cpp in Sources */,
				BAF3B87D0F91ABDF00146F74 /* Mode2.cpp in Sources */,
				BAF3B87E0F91ABDF00146F74 /* Gfx.cpp in Sources */,
				BAF3B87F0F91ABDF00146F74 /* EEprom.cpp in Sources */,
				BAF3B8800F91ABDF00146F74 /* unzip.cpp in Sources */,
				BAF3B8810F91ABDF00146F74 /* Sram.cpp in Sources */,
				BAF3B8820F91ABDF00146F74 /* GBA.cpp in Sources */,
				BAF3B8830F91ABDF00146F74 /* Util.cpp in Sources */,
				BAF3B8840F91ABDF00146F74 /* bios.cpp in Sources */,
				BAF3B8850F91ABDF00146F74 /* Mode4.cpp in Sources */,
				BAF3B8860F91ABDF00146F74 /* gbGlobals.cpp in Sources */,
				BAF3B8870F91ABDF00146F74 /* gbMemory.cpp in Sources */,
				BAF3B8880F91ABDF00146F74 /* gbGfx.cpp in Sources */,
				BAF3B8890F91ABDF00146F74 /* gbCheats.cpp in Sources */,
				BAF3B88A0F91ABDF00146F74 /* gbPrinter.cpp in Sources */,
				BAF3B88B0F91ABDF00146F74 /* GB.cpp in Sources */,
				BAF3B88C0F91ABDF00146F74 /* gbSGB.cpp in Sources */,
				BAF3B88D0F91ABDF00146F74 /* gbSound.cpp in Sources */,
				BAF3B88E0F91ABDF00146F74 /* motionblur.cpp in Sources */,
				BAF3B88F0F91ABDF00146F74 /* simple2x.cpp in Sources */,
				BAF3B8900F91ABDF00146F74 /* pixel.cpp in Sources */,
				BAF3B8910F91ABDF00146F74 /* MainClass.mm in Sources */,
				BAF3B8920F91ABDF00146F74 /* 2xSaI.cpp in Sources */,
				BAF3B8930F91ABDF00146F74 /* bilinear.cpp in Sources */,
				BAF3B8940F91ABDF00146F74 /* KeyConfig.mm in Sources */,
				BAF3B8950F91ABDF00146F74 /* RTC.cpp in Sources */,
				BAF3B8960F91ABDF00146F74 /* scanline.cpp in Sources */,
				BAF3B8970F91ABDF00146F74 /* memgzio.c in Sources */,
				BAF3B8980F91ABDF00146F74 /* interframe.cpp in Sources */,
				BAF3B8990F91ABDF00146F74 /* SDL.mm in Sources */,
				BAF3B89A0F91ABDF00146F74 /* Text.cpp in Sources */,
				BAF3B89B0F91ABDF00146F74 /* hq2x.cpp in Sources */,
				BAF3B89C0F91ABDF00146F74 /* agbprint.cpp in Sources */,
				BAF3B89D0F91ABDF00146F74 /* Cheats.cpp in Sources */,
				BAF3B89E0F91ABDF00146F74 /* armdis.cpp in Sources */,
				BAF3B89F0F91ABDF00146F74 /* exprNode.cpp in Sources */,
				BAF3B8A00F91ABDF00146F74 /* expr.cpp in Sources */,
				BAF3B8A10F91ABDF00146F74 /* expr-lex.cpp in Sources */,
				BAF3B8A20F91ABDF00146F74 /* elf.cpp in Sources */,
				BAF3B9470F91B35A00146F74 /* debugger.cpp in Sources */,
			);
			runOnlyForDeploymentPostprocessing = 0;
		};
/* End PBXSourcesBuildPhase section */

/* Begin PBXVariantGroup section */
		A59B207604966ADE00BFF2FE /* Main.nib */ = {
			isa = PBXVariantGroup;
			children = (
				A59B207704966ADE00BFF2FE /* English */,
			);
			name = Main.nib;
			sourceTree = "<group>";
		};
/* End PBXVariantGroup section */

/* Begin XCBuildConfiguration section */
		BAF3B8010F91AAEB00146F74 /* Development */ = {
			isa = XCBuildConfiguration;
			buildSettings = {
			};
			name = Development;
		};
		BAF3B8020F91AAEB00146F74 /* Deployment */ = {
			isa = XCBuildConfiguration;
			buildSettings = {
			};
			name = Deployment;
		};
		BAF3B8030F91AAEB00146F74 /* Default */ = {
			isa = XCBuildConfiguration;
			buildSettings = {
			};
			name = Default;
		};
		BAF3B8A90F91ABDF00146F74 /* Development */ = {
			isa = XCBuildConfiguration;
			buildSettings = {
				ARCHS = "$(ARCHS_STANDARD_32_BIT)";
				COPY_PHASE_STRIP = NO;
				DEBUG_INFORMATION_FORMAT = dwarf;
				FRAMEWORK_SEARCH_PATHS = (
					../macosx,
					"$(PROJECT_DIR)",
				);
				GCC_DYNAMIC_NO_PIC = NO;
				GCC_ENABLE_FIX_AND_CONTINUE = YES;
				GCC_GENERATE_DEBUGGING_SYMBOLS = YES;
				GCC_MODEL_TUNING = "";
				GCC_OPTIMIZATION_LEVEL = 0;
				GCC_PREPROCESSOR_DEFINITIONS = (
					"FINAL_VERSION=1",
					"C_CORE=1",
					"STDC_HEADERS=1",
					"HAVE_UNISTD_H=1",
					"HAVE_ARPA_INET_H=1",
					"HAVE_SYS_TYPES_H=1",
					"HAVE_SYS_STAT_H=1",
					"HAVE_STDLIB_H=1",
					"HAVE_STRING_H=1",
					"HAVE_MEMORY_H=1",
					"HAVE_STRINGS_H=1",
					"HAVE_INTTYPES_H=1",
					"HAVE_STDINT_H=1",
					SDL,
				);
				GCC_SYMBOLS_PRIVATE_EXTERN = NO;
				GCC_USE_GCC3_PFE_SUPPORT = NO;
				HEADER_SEARCH_PATHS = (
					../win32/include,
					../src,
					libpng.framework/Headers,
					SDL.framework/Headers,
				);
				INFOPLIST_FILE = "Info-Visual_Boy_Advance.plist";
				INSTALL_PATH = "$(HOME)/Applications";
				JAVA_COMPILER_DEBUGGING_SYMBOLS = NO;
				LD_RUNPATH_SEARCH_PATHS = "$(inherited) @executable_path/../Frameworks";
				MACOSX_DEPLOYMENT_TARGET = 10.5;
				OTHER_CFLAGS = (
					"-Wno-unused",
					"-fomit-frame-pointer",
					"-ffast-math",
					"-fstrict-aliasing",
					"-fsched-interblock",
				);
				OTHER_LDFLAGS = (
					"-framework",
					SDL,
					"-lz",
				);
				PRODUCT_NAME = VisualBoyAdvance;
				SECTORDER_FLAGS = "";
				WARNING_CFLAGS = (
					"-Wall",
					"-Wno-four-char-constants",
					"-Wno-unknown-pragmas",
				);
				WRAPPER_EXTENSION = app;
				ZERO_LINK = YES;
			};
			name = Development;
		};
		BAF3B8AA0F91ABDF00146F74 /* Deployment */ = {
			isa = XCBuildConfiguration;
			buildSettings = {
				ARCHS = "$(ARCHS_STANDARD_32_BIT)";
				COPY_PHASE_STRIP = YES;
				DEBUG_INFORMATION_FORMAT = dwarf;
				FRAMEWORK_SEARCH_PATHS = (
					../macosx,
					"$(PROJECT_DIR)",
				);
				GCC_ENABLE_FIX_AND_CONTINUE = NO;
				GCC_GENERATE_DEBUGGING_SYMBOLS = NO;
				GCC_MODEL_TUNING = "";
				GCC_OPTIMIZATION_LEVEL = s;
				GCC_PREPROCESSOR_DEFINITIONS = (
					"FINAL_VERSION=1",
					"C_CORE=1",
					"STDC_HEADERS=1",
					"HAVE_UNISTD_H=1",
					"HAVE_ARPA_INET_H=1",
					"HAVE_SYS_TYPES_H=1",
					"HAVE_SYS_STAT_H=1",
					"HAVE_STDLIB_H=1",
					"HAVE_STRING_H=1",
					"HAVE_MEMORY_H=1",
					"HAVE_STRINGS_H=1",
					"HAVE_INTTYPES_H=1",
					"HAVE_STDINT_H=1",
					SDL,
				);
				GCC_SYMBOLS_PRIVATE_EXTERN = NO;
				GCC_USE_GCC3_PFE_SUPPORT = NO;
				HEADER_SEARCH_PATHS = (
					../win32/include,
					../src,
					libpng.framework/Headers,
					SDL.framework/Headers,
				);
				INFOPLIST_FILE = "Info-Visual_Boy_Advance.plist";
				INSTALL_PATH = "$(HOME)/Applications";
				JAVA_COMPILER_DEBUGGING_SYMBOLS = NO;
				LD_RUNPATH_SEARCH_PATHS = "$(inherited) @executable_path/../Frameworks";
				MACOSX_DEPLOYMENT_TARGET = 10.5;
				OTHER_CFLAGS = (
					"-Wno-unused",
					"-fomit-frame-pointer",
					"-ffast-math",
					"-fstrict-aliasing",
					"-fsched-interblock",
				);
				OTHER_LDFLAGS = (
					"-framework",
					SDL,
					"-lz",
				);
				PRODUCT_NAME = VisualBoyAdvance;
				SECTORDER_FLAGS = "";
				WARNING_CFLAGS = (
					"-Wall",
					"-Wno-four-char-constants",
					"-Wno-unknown-pragmas",
				);
				WRAPPER_EXTENSION = app;
				ZERO_LINK = NO;
			};
			name = Deployment;
		};
		BAF3B8AB0F91ABDF00146F74 /* Default */ = {
			isa = XCBuildConfiguration;
			buildSettings = {
				ARCHS = "$(ARCHS_STANDARD_32_BIT)";
				DEBUG_INFORMATION_FORMAT = dwarf;
				FRAMEWORK_SEARCH_PATHS = (
					../macosx,
					"$(PROJECT_DIR)",
				);
				GCC_GENERATE_DEBUGGING_SYMBOLS = NO;
				GCC_OPTIMIZATION_LEVEL = 3;
				GCC_PREPROCESSOR_DEFINITIONS = (
					"FINAL_VERSION=1",
					"C_CORE=1",
					"STDC_HEADERS=1",
					"HAVE_UNISTD_H=1",
					"HAVE_ARPA_INET_H=1",
					"HAVE_SYS_TYPES_H=1",
					"HAVE_SYS_STAT_H=1",
					"HAVE_STDLIB_H=1",
					"HAVE_STRING_H=1",
					"HAVE_MEMORY_H=1",
					"HAVE_STRINGS_H=1",
					"HAVE_INTTYPES_H=1",
					"HAVE_STDINT_H=1",
					"WORDS_BIGENDIAN=1",
					SDL,
				);
				GCC_SYMBOLS_PRIVATE_EXTERN = NO;
				GCC_USE_GCC3_PFE_SUPPORT = NO;
				HEADER_SEARCH_PATHS = (
					../win32/include,
					../src,
					libpng.framework/Headers,
					SDL.framework/Headers,
				);
				INFOPLIST_FILE = "Info-Visual_Boy_Advance.plist";
				INSTALL_PATH = "$(HOME)/Applications";
				JAVA_COMPILER_DEBUGGING_SYMBOLS = NO;
				LD_RUNPATH_SEARCH_PATHS = "$(inherited) @executable_path/../Frameworks";
				MACOSX_DEPLOYMENT_TARGET = 10.5;
				OTHER_CFLAGS = (
					"-Wno-unused",
					"-fomit-frame-pointer",
					"-ffast-math",
					"-fstrict-aliasing",
					"-fsched-interblock",
				);
				OTHER_LDFLAGS = (
					"-framework",
					SDL,
					"-lz",
				);
				PRODUCT_NAME = VisualBoyAdvance;
				SECTORDER_FLAGS = "";
				WARNING_CFLAGS = (
					"-Wall",
					"-Wno-four-char-constants",
					"-Wno-unknown-pragmas",
				);
				WRAPPER_EXTENSION = app;
			};
			name = Default;
		};
/* End XCBuildConfiguration section */

/* Begin XCConfigurationList section */
		BAF3B8070F91AAEB00146F74 /* Build configuration list for PBXProject "Visual Boy Advance" */ = {
			isa = XCConfigurationList;
			buildConfigurations = (
				BAF3B8010F91AAEB00146F74 /* Development */,
				BAF3B8020F91AAEB00146F74 /* Deployment */,
				BAF3B8030F91AAEB00146F74 /* Default */,
			);
			defaultConfigurationIsVisible = 0;
			defaultConfigurationName = Default;
		};
		BAF3B8A80F91ABDF00146F74 /* Build configuration list for PBXNativeTarget "Visual Boy Advance" */ = {
			isa = XCConfigurationList;
			buildConfigurations = (
				BAF3B8A90F91ABDF00146F74 /* Development */,
				BAF3B8AA0F91ABDF00146F74 /* Deployment */,
				BAF3B8AB0F91ABDF00146F74 /* Default */,
			);
			defaultConfigurationIsVisible = 0;
			defaultConfigurationName = Default;
		};
/* End XCConfigurationList section */
	};
	rootObject = 29B97313FDCFA39411CA2CEA /* Project object */;
}
